
Microsoft Visual Studio Solution File, Format Version 12.00
# Visual Studio Version 16
VisualStudioVersion = 16.0.31702.278
MinimumVisualStudioVersion = 10.0.40219.1
Project("{FAE04EC0-301F-11D3-BF4B-00C04F79EFBC}") = "Raw_File_Uploader", "Raw_File_Uploader\Raw_File_Uploader.csproj", "{78797CA6-11A9-4A79-B0AE-245E652F9EE2}"
EndProject
Global
	GlobalSection(SolutionConfigurationPlatforms) = preSolution
		Debug|Any CPU = Debug|Any CPU
		Debug|x64 = Debug|x64
		Release|Any CPU = Release|Any CPU
		Release|x64 = Release|x64
		X64|Any CPU = X64|Any CPU
		X64|x64 = X64|x64
	EndGlobalSection
	GlobalSection(ProjectConfigurationPlatforms) = postSolution
		{78797CA6-11A9-4A79-B0AE-245E652F9EE2}.Debug|Any CPU.ActiveCfg = Debug|Any CPU
		{78797CA6-11A9-4A79-B0AE-245E652F9EE2}.Debug|Any CPU.Build.0 = Debug|Any CPU
		{78797CA6-11A9-4A79-B0AE-245E652F9EE2}.Debug|x64.ActiveCfg = Debug|x64
		{78797CA6-11A9-4A79-B0AE-245E652F9EE2}.Debug|x64.Build.0 = Debug|x64
		{78797CA6-11A9-4A79-B0AE-245E652F9EE2}.Release|Any CPU.ActiveCfg = Release|Any CPU
		{78797CA6-11A9-4A79-B0AE-245E652F9EE2}.Release|Any CPU.Build.0 = Release|Any CPU
		{78797CA6-11A9-4A79-B0AE-245E652F9EE2}.Release|x64.ActiveCfg = Release|x64
		{78797CA6-11A9-4A79-B0AE-245E652F9EE2}.Release|x64.Build.0 = Release|x64
		{78797CA6-11A9-4A79-B0AE-245E652F9EE2}.X64|Any CPU.ActiveCfg = X64|Any CPU
		{78797CA6-11A9-4A79-B0AE-245E652F9EE2}.X64|Any CPU.Build.0 = X64|Any CPU
		{78797CA6-11A9-4A79-B0AE-245E652F9EE2}.X64|x64.ActiveCfg = X64|x64
		{78797CA6-11A9-4A79-B0AE-245E652F9EE2}.X64|x64.Build.0 = X64|x64
	EndGlobalSection
	GlobalSection(SolutionProperties) = preSolution
		HideSolutionNode = FALSE
	EndGlobalSection
	GlobalSection(ExtensibilityGlobals) = postSolution
		SolutionGuid = {493358EC-22E7-4C2E-A2F4-A2C9B700C333}
	EndGlobalSection
EndGlobal 
